
Microsoft Visual Studio Solution File, Format Version 12.00
# Visual Studio 2013
VisualStudioVersion = 12.0.40629.0
MinimumVisualStudioVersion = 10.0.40219.1
Project("{FAE04EC0-301F-11D3-BF4B-00C04F79EFBC}") = "ThinkDb", "ThinkDb\ThinkDb.csproj", "{4DB10363-6343-4A49-8399-BDF0D658203B}"
EndProject
Project("{FAE04EC0-301F-11D3-BF4B-00C04F79EFBC}") = "ThinkDb.Test", "ThinkDb.Test\ThinkDb.Test.csproj", "{59569291-2546-47CB-8811-6855E2F274DD}"
EndProject
Global
	GlobalSection(SolutionConfigurationPlatforms) = preSolution
		Debug|Any CPU = Debug|Any CPU
		Debug|Mixed Platforms = Debug|Mixed Platforms
		Debug|x86 = Debug|x86
		Release|Any CPU = Release|Any CPU
		Release|Mixed Platforms = Release|Mixed Platforms
		Release|x86 = Release|x86
	EndGlobalSection
	GlobalSection(ProjectConfigurationPlatforms) = postSolution
		{4DB10363-6343-4A49-8399-BDF0D658203B}.Debug|Any CPU.ActiveCfg = Debug|Any CPU
		{4DB10363-6343-4A49-8399-BDF0D658203B}.Debug|Any CPU.Build.0 = Debug|Any CPU
		{4DB10363-6343-4A49-8399-BDF0D658203B}.Debug|Mixed Platforms.ActiveCfg = Debug|Any CPU
		{4DB10363-6343-4A49-8399-BDF0D658203B}.Debug|Mixed Platforms.Build.0 = Debug|Any CPU
		{4DB10363-6343-4A49-8399-BDF0D658203B}.Debug|x86.ActiveCfg = Debug|Any CPU
		{4DB10363-6343-4A49-8399-BDF0D658203B}.Release|Any CPU.ActiveCfg = Release|Any CPU
		{4DB10363-6343-4A49-8399-BDF0D658203B}.Release|Any CPU.Build.0 = Release|Any CPU
		{4DB10363-6343-4A49-8399-BDF0D658203B}.Release|Mixed Platforms.ActiveCfg = Release|Any CPU
		{4DB10363-6343-4A49-8399-BDF0D658203B}.Release|Mixed Platforms.Build.0 = Release|Any CPU
		{4DB10363-6343-4A49-8399-BDF0D658203B}.Release|x86.ActiveCfg = Release|Any CPU
		{59569291-2546-47CB-8811-6855E2F274DD}.Debug|Any CPU.ActiveCfg = Debug|Any CPU
		{59569291-2546-47CB-8811-6855E2F274DD}.Debug|Any CPU.Build.0 = Debug|Any CPU
		{59569291-2546-47CB-8811-6855E2F274DD}.Debug|Mixed Platforms.ActiveCfg = Debug|Any CPU
		{59569291-2546-47CB-8811-6855E2F274DD}.Debug|Mixed Platforms.Build.0 = Debug|Any CPU
		{59569291-2546-47CB-8811-6855E2F274DD}.Debug|x86.ActiveCfg = Debug|Any CPU
		{59569291-2546-47CB-8811-6855E2F274DD}.Release|Any CPU.ActiveCfg = Release|Any CPU
		{59569291-2546-47CB-8811-6855E2F274DD}.Release|Any CPU.Build.0 = Release|Any CPU
		{59569291-2546-47CB-8811-6855E2F274DD}.Release|Mixed Platforms.ActiveCfg = Release|Any CPU
		{59569291-2546-47CB-8811-6855E2F274DD}.Release|Mixed Platforms.Build.0 = Release|Any CPU
		{59569291-2546-47CB-8811-6855E2F274DD}.Release|x86.ActiveCfg = Release|Any CPU
	EndGlobalSection
	GlobalSection(SolutionProperties) = preSolution
		HideSolutionNode = FALSE
	EndGlobalSection
EndGlobal
